
Microsoft Visual Studio Solution File, Format Version 12.00
# Visual Studio Version 17
VisualStudioVersion = 17.11.35312.102
MinimumVisualStudioVersion = 10.0.40219.1
Project("{FAE04EC0-301F-11D3-BF4B-00C04F79EFBC}") = "Estoque", "Estoque.csproj", "{30D1E85E-397D-4ED0-ACF3-36EDA30B0EAC}"
EndProject
Global
	GlobalSection(SolutionConfigurationPlatforms) = preSolution
		Debug|Any CPU = Debug|Any CPU
		Release|Any CPU = Release|Any CPU
	EndGlobalSection
	GlobalSection(ProjectConfigurationPlatforms) = postSolution
		{30D1E85E-397D-4ED0-ACF3-36EDA30B0EAC}.Debug|Any CPU.ActiveCfg = Debug|Any CPU
		{30D1E85E-397D-4ED0-ACF3-36EDA30B0EAC}.Debug|Any CPU.Build.0 = Debug|Any CPU
		{30D1E85E-397D-4ED0-ACF3-36EDA30B0EAC}.Release|Any CPU.ActiveCfg = Release|Any CPU
		{30D1E85E-397D-4ED0-ACF3-36EDA30B0EAC}.Release|Any CPU.Build.0 = Release|Any CPU
	EndGlobalSection
	GlobalSection(SolutionProperties) = preSolution
		HideSolutionNode = FALSE
	EndGlobalSection
	GlobalSection(ExtensibilityGlobals) = postSolution
		SolutionGuid = {B75C590A-7F72-4529-931F-97D80EB3D25C}
	EndGlobalSection
EndGlobal
